
Microsoft Visual Studio Solution File, Format Version 12.00
# Visual Studio 15
VisualStudioVersion = 15.0.28307.329
MinimumVisualStudioVersion = 10.0.40219.1
Project("{FAE04EC0-301F-11D3-BF4B-00C04F79EFBC}") = "SeleniumMain", "SeleniumMain\SeleniumMain.csproj", "{E23904E6-CC40-4897-BC02-089C40DA71E3}"
EndProject
Global
	GlobalSection(SolutionConfigurationPlatforms) = preSolution
		Debug|Any CPU = Debug|Any CPU
		Release|Any CPU = Release|Any CPU
	EndGlobalSection
	GlobalSection(ProjectConfigurationPlatforms) = postSolution
		{E23904E6-CC40-4897-BC02-089C40DA71E3}.Debug|Any CPU.ActiveCfg = Debug|Any CPU
		{E23904E6-CC40-4897-BC02-089C40DA71E3}.Debug|Any CPU.Build.0 = Debug|Any CPU
		{E23904E6-CC40-4897-BC02-089C40DA71E3}.Release|Any CPU.ActiveCfg = Release|Any CPU
		{E23904E6-CC40-4897-BC02-089C40DA71E3}.Release|Any CPU.Build.0 = Release|Any CPU
	EndGlobalSection
	GlobalSection(SolutionProperties) = preSolution
		HideSolutionNode = FALSE
	EndGlobalSection
	GlobalSection(ExtensibilityGlobals) = postSolution
		SolutionGuid = {0DF2B54F-4A84-4CC1-B09A-8D9CD0B2529F}
	EndGlobalSection
EndGlobal
